// !$*UTF8*$!
{
	archiveVersion = 1;
	classes = {
	};
	objectVersion = 46;
	objects = {

/* Begin PBXBuildFile section */
		A295DCEB1D1F75A700A138CB /* 1.plist in Resources */ = {isa = PBXBuildFile; fileRef = A295DCEA1D1F75A700A138CB /* 1.plist */; };
		A295DCEE1D1F75D200A138CB /* XBShopModel.m in Sources */ = {isa = PBXBuildFile; fileRef = A295DCED1D1F75D200A138CB /* XBShopModel.m */; };
		A295DCF11D1F772200A138CB /* WaterCollectionViewCell.m in Sources */ = {isa = PBXBuildFile; fileRef = A295DCF01D1F772200A138CB /* WaterCollectionViewCell.m */; };
		A295DD231D1F7B7900A138CB /* MJRefreshAutoFooter.m in Sources */ = {isa = PBXBuildFile; fileRef = A295DCF91D1F7B7900A138CB /* MJRefreshAutoFooter.m */; };
		A295DD241D1F7B7900A138CB /* MJRefreshBackFooter.m in Sources */ = {isa = PBXBuildFile; fileRef = A295DCFB1D1F7B7900A138CB /* MJRefreshBackFooter.m */; };
		A295DD251D1F7B7900A138CB /* MJRefreshComponent.m in Sources */ = {isa = PBXBuildFile; fileRef = A295DCFD1D1F7B7900A138CB /* MJRefreshComponent.m */; };
		A295DD261D1F7B7900A138CB /* MJRefreshFooter.m in Sources */ = {isa = PBXBuildFile; fileRef = A295DCFF1D1F7B7900A138CB /* MJRefreshFooter.m */; };
		A295DD271D1F7B7900A138CB /* MJRefreshHeader.m in Sources */ = {isa = PBXBuildFile; fileRef = A295DD011D1F7B7900A138CB /* MJRefreshHeader.m */; };
		A295DD281D1F7B7900A138CB /* MJRefreshAutoGifFooter.m in Sources */ = {isa = PBXBuildFile; fileRef = A295DD061D1F7B7900A138CB /* MJRefreshAutoGifFooter.m */; };
		A295DD291D1F7B7900A138CB /* MJRefreshAutoNormalFooter.m in Sources */ = {isa = PBXBuildFile; fileRef = A295DD081D1F7B7900A138CB /* MJRefreshAutoNormalFooter.m */; };
		A295DD2A1D1F7B7900A138CB /* MJRefreshAutoStateFooter.m in Sources */ = {isa = PBXBuildFile; fileRef = A295DD0A1D1F7B7900A138CB /* MJRefreshAutoStateFooter.m */; };
		A295DD2B1D1F7B7900A138CB /* MJRefreshBackGifFooter.m in Sources */ = {isa = PBXBuildFile; fileRef = A295DD0D1D1F7B7900A138CB /* MJRefreshBackGifFooter.m */; };
		A295DD2C1D1F7B7900A138CB /* MJRefreshBackNormalFooter.m in Sources */ = {isa = PBXBuildFile; fileRef = A295DD0F1D1F7B7900A138CB /* MJRefreshBackNormalFooter.m */; };
		A295DD2D1D1F7B7900A138CB /* MJRefreshBackStateFooter.m in Sources */ = {isa = PBXBuildFile; fileRef = A295DD111D1F7B7900A138CB /* MJRefreshBackStateFooter.m */; };
		A295DD2E1D1F7B7900A138CB /* MJRefreshGifHeader.m in Sources */ = {isa = PBXBuildFile; fileRef = A295DD141D1F7B7900A138CB /* MJRefreshGifHeader.m */; };
		A295DD2F1D1F7B7900A138CB /* MJRefreshNormalHeader.m in Sources */ = {isa = PBXBuildFile; fileRef = A295DD161D1F7B7900A138CB /* MJRefreshNormalHeader.m */; };
		A295DD301D1F7B7900A138CB /* MJRefreshStateHeader.m in Sources */ = {isa = PBXBuildFile; fileRef = A295DD181D1F7B7900A138CB /* MJRefreshStateHeader.m */; };
		A295DD311D1F7B7900A138CB /* MJRefresh.bundle in Resources */ = {isa = PBXBuildFile; fileRef = A295DD191D1F7B7900A138CB /* MJRefresh.bundle */; };
		A295DD321D1F7B7900A138CB /* MJRefreshConst.m in Sources */ = {isa = PBXBuildFile; fileRef = A295DD1C1D1F7B7900A138CB /* MJRefreshConst.m */; };
		A295DD331D1F7B7900A138CB /* UIScrollView+MJExtension.m in Sources */ = {isa = PBXBuildFile; fileRef = A295DD1E1D1F7B7900A138CB /* UIScrollView+MJExtension.m */; };
		A295DD341D1F7B7900A138CB /* UIScrollView+MJRefresh.m in Sources */ = {isa = PBXBuildFile; fileRef = A295DD201D1F7B7900A138CB /* UIScrollView+MJRefresh.m */; };
		A295DD351D1F7B7900A138CB /* UIView+MJExtension.m in Sources */ = {isa = PBXBuildFile; fileRef = A295DD221D1F7B7900A138CB /* UIView+MJExtension.m */; };
		A295DD371D1F828A00A138CB /* place.png in Resources */ = {isa = PBXBuildFile; fileRef = A295DD361D1F828A00A138CB /* place.png */; };
		A29C52821D1E17DC00ACFFCD /* main.m in Sources */ = {isa = PBXBuildFile; fileRef = A29C52811D1E17DC00ACFFCD /* main.m */; };
		A29C52851D1E17DC00ACFFCD /* AppDelegate.m in Sources */ = {isa = PBXBuildFile; fileRef = A29C52841D1E17DC00ACFFCD /* AppDelegate.m */; };
		A29C52881D1E17DC00ACFFCD /* ViewController.m in Sources */ = {isa = PBXBuildFile; fileRef = A29C52871D1E17DC00ACFFCD /* ViewController.m */; };
		A29C528B1D1E17DC00ACFFCD /* Main.storyboard in Resources */ = {isa = PBXBuildFile; fileRef = A29C52891D1E17DC00ACFFCD /* Main.storyboard */; };
		A29C528D1D1E17DC00ACFFCD /* Assets.xcassets in Resources */ = {isa = PBXBuildFile; fileRef = A29C528C1D1E17DC00ACFFCD /* Assets.xcassets */; };
		A29C52901D1E17DC00ACFFCD /* LaunchScreen.storyboard in Resources */ = {isa = PBXBuildFile; fileRef = A29C528E1D1E17DC00ACFFCD /* LaunchScreen.storyboard */; };
		A29C529B1D1E17DC00ACFFCD /* UIControllerViewTests.m in Sources */ = {isa = PBXBuildFile; fileRef = A29C529A1D1E17DC00ACFFCD /* UIControllerViewTests.m */; };
		A29C52A61D1E17DC00ACFFCD /* UIControllerViewUITests.m in Sources */ = {isa = PBXBuildFile; fileRef = A29C52A51D1E17DC00ACFFCD /* UIControllerViewUITests.m */; };
		A29C52B51D1E1C5E00ACFFCD /* CollectionViewFlowLayout.m in Sources */ = {isa = PBXBuildFile; fileRef = A29C52B41D1E1C5E00ACFFCD /* CollectionViewFlowLayout.m */; };
		A29C52B81D1E545000ACFFCD /* HorizontalViewController.m in Sources */ = {isa = PBXBuildFile; fileRef = A29C52B71D1E545000ACFFCD /* HorizontalViewController.m */; };
		A2C7CBA11D1EC23100F1FB5F /* WaterFallViewController.m in Sources */ = {isa = PBXBuildFile; fileRef = A2C7CBA01D1EC23100F1FB5F /* WaterFallViewController.m */; };
		A2C7CBA41D1EC2F900F1FB5F /* WaterFallViewLayout.m in Sources */ = {isa = PBXBuildFile; fileRef = A2C7CBA31D1EC2F900F1FB5F /* WaterFallViewLayout.m */; };
		A2C7CBDD1D1ECC0900F1FB5F /* LICENSE in Resources */ = {isa = PBXBuildFile; fileRef = A2C7CBA61D1ECC0900F1FB5F /* LICENSE */; };
		A2C7CBDE1D1ECC0900F1FB5F /* MJConst.m in Sources */ = {isa = PBXBuildFile; fileRef = A2C7CBAB1D1ECC0900F1FB5F /* MJConst.m */; };
		A2C7CBDF1D1ECC0900F1FB5F /* MJFoundation.m in Sources */ = {isa = PBXBuildFile; fileRef = A2C7CBAE1D1ECC0900F1FB5F /* MJFoundation.m */; };
		A2C7CBE01D1ECC0900F1FB5F /* MJProperty.m in Sources */ = {isa = PBXBuildFile; fileRef = A2C7CBB01D1ECC0900F1FB5F /* MJProperty.m */; };
		A2C7CBE11D1ECC0900F1FB5F /* MJType.m in Sources */ = {isa = PBXBuildFile; fileRef = A2C7CBB21D1ECC0900F1FB5F /* MJType.m */; };
		A2C7CBE21D1ECC0900F1FB5F /* NSObject+MJCoding.m in Sources */ = {isa = PBXBuildFile; fileRef = A2C7CBB41D1ECC0900F1FB5F /* NSObject+MJCoding.m */; };
		A2C7CBE31D1ECC0900F1FB5F /* NSObject+MJKeyValue.m in Sources */ = {isa = PBXBuildFile; fileRef = A2C7CBB61D1ECC0900F1FB5F /* NSObject+MJKeyValue.m */; };
		A2C7CBE41D1ECC0900F1FB5F /* NSObject+MJProperty.m in Sources */ = {isa = PBXBuildFile; fileRef = A2C7CBB81D1ECC0900F1FB5F /* NSObject+MJProperty.m */; };
		A2C7CBE51D1ECC0900F1FB5F /* NSString+MJExtension.m in Sources */ = {isa = PBXBuildFile; fileRef = A2C7CBBA1D1ECC0900F1FB5F /* NSString+MJExtension.m */; };
		A2C7CBE61D1ECC0900F1FB5F /* README.md in Sources */ = {isa = PBXBuildFile; fileRef = A2C7CBBB1D1ECC0900F1FB5F /* README.md */; };
		A2C7CBE71D1ECC0900F1FB5F /* LICENSE in Resources */ = {isa = PBXBuildFile; fileRef = A2C7CBBD1D1ECC0900F1FB5F /* LICENSE */; };
		A2C7CBE81D1ECC0900F1FB5F /* README.md in Sources */ = {isa = PBXBuildFile; fileRef = A2C7CBBE1D1ECC0900F1FB5F /* README.md */; };
		A2C7CBE91D1ECC0900F1FB5F /* NSData+ImageContentType.m in Sources */ = {isa = PBXBuildFile; fileRef = A2C7CBC11D1ECC0900F1FB5F /* NSData+ImageContentType.m */; };
		A2C7CBEA1D1ECC0900F1FB5F /* SDImageCache.m in Sources */ = {isa = PBXBuildFile; fileRef = A2C7CBC31D1ECC0900F1FB5F /* SDImageCache.m */; };
		A2C7CBEB1D1ECC0900F1FB5F /* SDWebImageCompat.m in Sources */ = {isa = PBXBuildFile; fileRef = A2C7CBC51D1ECC0900F1FB5F /* SDWebImageCompat.m */; };
		A2C7CBEC1D1ECC0900F1FB5F /* SDWebImageDecoder.m in Sources */ = {isa = PBXBuildFile; fileRef = A2C7CBC71D1ECC0900F1FB5F /* SDWebImageDecoder.m */; };
		A2C7CBED1D1ECC0900F1FB5F /* SDWebImageDownloader.m in Sources */ = {isa = PBXBuildFile; fileRef = A2C7CBC91D1ECC0900F1FB5F /* SDWebImageDownloader.m */; };
		A2C7CBEE1D1ECC0900F1FB5F /* SDWebImageDownloaderOperation.m in Sources */ = {isa = PBXBuildFile; fileRef = A2C7CBCB1D1ECC0900F1FB5F /* SDWebImageDownloaderOperation.m */; };
		A2C7CBEF1D1ECC0900F1FB5F /* SDWebImageManager.m in Sources */ = {isa = PBXBuildFile; fileRef = A2C7CBCD1D1ECC0900F1FB5F /* SDWebImageManager.m */; };
		A2C7CBF01D1ECC0900F1FB5F /* SDWebImagePrefetcher.m in Sources */ = {isa = PBXBuildFile; fileRef = A2C7CBD01D1ECC0900F1FB5F /* SDWebImagePrefetcher.m */; };
		A2C7CBF11D1ECC0900F1FB5F /* UIButton+WebCache.m in Sources */ = {isa = PBXBuildFile; fileRef = A2C7CBD21D1ECC0900F1FB5F /* UIButton+WebCache.m */; };
		A2C7CBF21D1ECC0900F1FB5F /* UIImage+GIF.m in Sources */ = {isa = PBXBuildFile; fileRef = A2C7CBD41D1ECC0900F1FB5F /* UIImage+GIF.m */; };
		A2C7CBF31D1ECC0900F1FB5F /* UIImage+MultiFormat.m in Sources */ = {isa = PBXBuildFile; fileRef = A2C7CBD61D1ECC0900F1FB5F /* UIImage+MultiFormat.m */; };
		A2C7CBF41D1ECC0900F1FB5F /* UIImageView+HighlightedWebCache.m in Sources */ = {isa = PBXBuildFile; fileRef = A2C7CBD81D1ECC0900F1FB5F /* UIImageView+HighlightedWebCache.m */; };
		A2C7CBF51D1ECC0900F1FB5F /* UIImageView+WebCache.m in Sources */ = {isa = PBXBuildFile; fileRef = A2C7CBDA1D1ECC0900F1FB5F /* UIImageView+WebCache.m */; };
		A2C7CBF61D1ECC0900F1FB5F /* UIView+WebCacheOperation.m in Sources */ = {isa = PBXBuildFile; fileRef = A2C7CBDC1D1ECC0900F1FB5F /* UIView+WebCacheOperation.m */; };
/* End PBXBuildFile section */

/* Begin PBXContainerItemProxy section */
		A29C52971D1E17DC00ACFFCD /* PBXContainerItemProxy */ = {
			isa = PBXContainerItemProxy;
			containerPortal = A29C52751D1E17DC00ACFFCD /* Project object */;
			proxyType = 1;
			remoteGlobalIDString = A29C527C1D1E17DC00ACFFCD;
			remoteInfo = UIControllerView;
		};
		A29C52A21D1E17DC00ACFFCD /* PBXContainerItemProxy */ = {
			isa = PBXContainerItemProxy;
			containerPortal = A29C52751D1E17DC00ACFFCD /* Project object */;
			proxyType = 1;
			remoteGlobalIDString = A29C527C1D1E17DC00ACFFCD;
			remoteInfo = UIControllerView;
		};
/* End PBXContainerItemProxy section */

/* Begin PBXFileReference section */
		A295DCEA1D1F75A700A138CB /* 1.plist */ = {isa = PBXFileReference; fileEncoding = 4; lastKnownFileType = text.plist.xml; path = 1.plist; sourceTree = "<group>"; };
		A295DCEC1D1F75D200A138CB /* XBShopModel.h */ = {isa = PBXFileReference; fileEncoding = 4; lastKnownFileType = sourcecode.c.h; path = XBShopModel.h; sourceTree = "<group>"; };
		A295DCED1D1F75D200A138CB /* XBShopModel.m */ = {isa = PBXFileReference; fileEncoding = 4; lastKnownFileType = sourcecode.c.objc; path = XBShopModel.m; sourceTree = "<group>"; };
		A295DCEF1D1F772200A138CB /* WaterCollectionViewCell.h */ = {isa = PBXFileReference; fileEncoding = 4; lastKnownFileType = sourcecode.c.h; path = WaterCollectionViewCell.h; sourceTree = "<group>"; };
		A295DCF01D1F772200A138CB /* WaterCollectionViewCell.m */ = {isa = PBXFileReference; fileEncoding = 4; lastKnownFileType = sourcecode.c.objc; path = WaterCollectionViewCell.m; sourceTree = "<group>"; };
		A295DCF81D1F7B7900A138CB /* MJRefreshAutoFooter.h */ = {isa = PBXFileReference; fileEncoding = 4; lastKnownFileType = sourcecode.c.h; path = MJRefreshAutoFooter.h; sourceTree = "<group>"; };
		A295DCF91D1F7B7900A138CB /* MJRefreshAutoFooter.m */ = {isa = PBXFileReference; fileEncoding = 4; lastKnownFileType = sourcecode.c.objc; path = MJRefreshAutoFooter.m; sourceTree = "<group>"; };
		A295DCFA1D1F7B7900A138CB /* MJRefreshBackFooter.h */ = {isa = PBXFileReference; fileEncoding = 4; lastKnownFileType = sourcecode.c.h; path = MJRefreshBackFooter.h; sourceTree = "<group>"; };
		A295DCFB1D1F7B7900A138CB /* MJRefreshBackFooter.m */ = {isa = PBXFileReference; fileEncoding = 4; lastKnownFileType = sourcecode.c.objc; path = MJRefreshBackFooter.m; sourceTree = "<group>"; };
		A295DCFC1D1F7B7900A138CB /* MJRefreshComponent.h */ = {isa = PBXFileReference; fileEncoding = 4; lastKnownFileType = sourcecode.c.h; path = MJRefreshComponent.h; sourceTree = "<group>"; };
		A295DCFD1D1F7B7900A138CB /* MJRefreshComponent.m */ = {isa = PBXFileReference; fileEncoding = 4; lastKnownFileType = sourcecode.c.objc; path = MJRefreshComponent.m; sourceTree = "<group>"; };
		A295DCFE1D1F7B7900A138CB /* MJRefreshFooter.h */ = {isa = PBXFileReference; fileEncoding = 4; lastKnownFileType = sourcecode.c.h; path = MJRefreshFooter.h; sourceTree = "<group>"; };
		A295DCFF1D1F7B7900A138CB /* MJRefreshFooter.m */ = {isa = PBXFileReference; fileEncoding = 4; lastKnownFileType = sourcecode.c.objc; path = MJRefreshFooter.m; sourceTree = "<group>"; };
		A295DD001D1F7B7900A138CB /* MJRefreshHeader.h */ = {isa = PBXFileReference; fileEncoding = 4; lastKnownFileType = sourcecode.c.h; path = MJRefreshHeader.h; sourceTree = "<group>"; };
		A295DD011D1F7B7900A138CB /* MJRefreshHeader.m */ = {isa = PBXFileReference; fileEncoding = 4; lastKnownFileType = sourcecode.c.objc; path = MJRefreshHeader.m; sourceTree = "<group>"; };
		A295DD051D1F7B7900A138CB /* MJRefreshAutoGifFooter.h */ = {isa = PBXFileReference; fileEncoding = 4; lastKnownFileType = sourcecode.c.h; path = MJRefreshAutoGifFooter.h; sourceTree = "<group>"; };
		A295DD061D1F7B7900A138CB /* MJRefreshAutoGifFooter.m */ = {isa = PBXFileReference; fileEncoding = 4; lastKnownFileType = sourcecode.c.objc; path = MJRefreshAutoGifFooter.m; sourceTree = "<group>"; };
		A295DD071D1F7B7900A138CB /* MJRefreshAutoNormalFooter.h */ = {isa = PBXFileReference; fileEncoding = 4; lastKnownFileType = sourcecode.c.h; path = MJRefreshAutoNormalFooter.h; sourceTree = "<group>"; };
		A295DD081D1F7B7900A138CB /* MJRefreshAutoNormalFooter.m */ = {isa = PBXFileReference; fileEncoding = 4; lastKnownFileType = sourcecode.c.objc; path = MJRefreshAutoNormalFooter.m; sourceTree = "<group>"; };
		A295DD091D1F7B7900A138CB /* MJRefreshAutoStateFooter.h */ = {isa = PBXFileReference; fileEncoding = 4; lastKnownFileType = sourcecode.c.h; path = MJRefreshAutoStateFooter.h; sourceTree = "<group>"; };
		A295DD0A1D1F7B7900A138CB /* MJRefreshAutoStateFooter.m */ = {isa = PBXFileReference; fileEncoding = 4; lastKnownFileType = sourcecode.c.objc; path = MJRefreshAutoStateFooter.m; sourceTree = "<group>"; };
		A295DD0C1D1F7B7900A138CB /* MJRefreshBackGifFooter.h */ = {isa = PBXFileReference; fileEncoding = 4; lastKnownFileType = sourcecode.c.h; path = MJRefreshBackGifFooter.h; sourceTree = "<group>"; };
		A295DD0D1D1F7B7900A138CB /* MJRefreshBackGifFooter.m */ = {isa = PBXFileReference; fileEncoding = 4; lastKnownFileType = sourcecode.c.objc; path = MJRefreshBackGifFooter.m; sourceTree = "<group>"; };
		A295DD0E1D1F7B7900A138CB /* MJRefreshBackNormalFooter.h */ = {isa = PBXFileReference; fileEncoding = 4; lastKnownFileType = sourcecode.c.h; path = MJRefreshBackNormalFooter.h; sourceTree = "<group>"; };
		A295DD0F1D1F7B7900A138CB /* MJRefreshBackNormalFooter.m */ = {isa = PBXFileReference; fileEncoding = 4; lastKnownFileType = sourcecode.c.objc; path = MJRefreshBackNormalFooter.m; sourceTree = "<group>"; };
		A295DD101D1F7B7900A138CB /* MJRefreshBackStateFooter.h */ = {isa = PBXFileReference; fileEncoding = 4; lastKnownFileType = sourcecode.c.h; path = MJRefreshBackStateFooter.h; sourceTree = "<group>"; };
		A295DD111D1F7B7900A138CB /* MJRefreshBackStateFooter.m */ = {isa = PBXFileReference; fileEncoding = 4; lastKnownFileType = sourcecode.c.objc; path = MJRefreshBackStateFooter.m; sourceTree = "<group>"; };
		A295DD131D1F7B7900A138CB /* MJRefreshGifHeader.h */ = {isa = PBXFileReference; fileEncoding = 4; lastKnownFileType = sourcecode.c.h; path = MJRefreshGifHeader.h; sourceTree = "<group>"; };
		A295DD141D1F7B7900A138CB /* MJRefreshGifHeader.m */ = {isa = PBXFileReference; fileEncoding = 4; lastKnownFileType = sourcecode.c.objc; path = MJRefreshGifHeader.m; sourceTree = "<group>"; };
		A295DD151D1F7B7900A138CB /* MJRefreshNormalHeader.h */ = {isa = PBXFileReference; fileEncoding = 4; lastKnownFileType = sourcecode.c.h; path = MJRefreshNormalHeader.h; sourceTree = "<group>"; };
		A295DD161D1F7B7900A138CB /* MJRefreshNormalHeader.m */ = {isa = PBXFileReference; fileEncoding = 4; lastKnownFileType = sourcecode.c.objc; path = MJRefreshNormalHeader.m; sourceTree = "<group>"; };
		A295DD171D1F7B7900A138CB /* MJRefreshStateHeader.h */ = {isa = PBXFileReference; fileEncoding = 4; lastKnownFileType = sourcecode.c.h; path = MJRefreshStateHeader.h; sourceTree = "<group>"; };
		A295DD181D1F7B7900A138CB /* MJRefreshStateHeader.m */ = {isa = PBXFileReference; fileEncoding = 4; lastKnownFileType = sourcecode.c.objc; path = MJRefreshStateHeader.m; sourceTree = "<group>"; };
		A295DD191D1F7B7900A138CB /* MJRefresh.bundle */ = {isa = PBXFileReference; lastKnownFileType = "wrapper.plug-in"; path = MJRefresh.bundle; sourceTree = "<group>"; };
		A295DD1A1D1F7B7900A138CB /* MJRefresh.h */ = {isa = PBXFileReference; fileEncoding = 4; lastKnownFileType = sourcecode.c.h; path = MJRefresh.h; sourceTree = "<group>"; };
		A295DD1B1D1F7B7900A138CB /* MJRefreshConst.h */ = {isa = PBXFileReference; fileEncoding = 4; lastKnownFileType = sourcecode.c.h; path = MJRefreshConst.h; sourceTree = "<group>"; };
		A295DD1C1D1F7B7900A138CB /* MJRefreshConst.m */ = {isa = PBXFileReference; fileEncoding = 4; lastKnownFileType = sourcecode.c.objc; path = MJRefreshConst.m; sourceTree = "<group>"; };
		A295DD1D1D1F7B7900A138CB /* UIScrollView+MJExtension.h */ = {isa = PBXFileReference; fileEncoding = 4; lastKnownFileType = sourcecode.c.h; path = "UIScrollView+MJExtension.h"; sourceTree = "<group>"; };
		A295DD1E1D1F7B7900A138CB /* UIScrollView+MJExtension.m */ = {isa = PBXFileReference; fileEncoding = 4; lastKnownFileType = sourcecode.c.objc; path = "UIScrollView+MJExtension.m"; sourceTree = "<group>"; };
		A295DD1F1D1F7B7900A138CB /* UIScrollView+MJRefresh.h */ = {isa = PBXFileReference; fileEncoding = 4; lastKnownFileType = sourcecode.c.h; path = "UIScrollView+MJRefresh.h"; sourceTree = "<group>"; };
		A295DD201D1F7B7900A138CB /* UIScrollView+MJRefresh.m */ = {isa = PBXFileReference; fileEncoding = 4; lastKnownFileType = sourcecode.c.objc; path = "UIScrollView+MJRefresh.m"; sourceTree = "<group>"; };
		A295DD211D1F7B7900A138CB /* UIView+MJExtension.h */ = {isa = PBXFileReference; fileEncoding = 4; lastKnownFileType = sourcecode.c.h; path = "UIView+MJExtension.h"; sourceTree = "<group>"; };
		A295DD221D1F7B7900A138CB /* UIView+MJExtension.m */ = {isa = PBXFileReference; fileEncoding = 4; lastKnownFileType = sourcecode.c.objc; path = "UIView+MJExtension.m"; sourceTree = "<group>"; };
		A295DD361D1F828A00A138CB /* place.png */ = {isa = PBXFileReference; lastKnownFileType = image.png; path = place.png; sourceTree = "<group>"; };
		A29C527D1D1E17DC00ACFFCD /* UIControllerView.app */ = {isa = PBXFileReference; explicitFileType = wrapper.application; includeInIndex = 0; path = UIControllerView.app; sourceTree = BUILT_PRODUCTS_DIR; };
		A29C52811D1E17DC00ACFFCD /* main.m */ = {isa = PBXFileReference; lastKnownFileType = sourcecode.c.objc; path = main.m; sourceTree = "<group>"; };
		A29C52831D1E17DC00ACFFCD /* AppDelegate.h */ = {isa = PBXFileReference; lastKnownFileType = sourcecode.c.h; path = AppDelegate.h; sourceTree = "<group>"; };
		A29C52841D1E17DC00ACFFCD /* AppDelegate.m */ = {isa = PBXFileReference; lastKnownFileType = sourcecode.c.objc; path = AppDelegate.m; sourceTree = "<group>"; };
		A29C52861D1E17DC00ACFFCD /* ViewController.h */ = {isa = PBXFileReference; lastKnownFileType = sourcecode.c.h; path = ViewController.h; sourceTree = "<group>"; };
		A29C52871D1E17DC00ACFFCD /* ViewController.m */ = {isa = PBXFileReference; lastKnownFileType = sourcecode.c.objc; path = ViewController.m; sourceTree = "<group>"; };
		A29C528A1D1E17DC00ACFFCD /* Base */ = {isa = PBXFileReference; lastKnownFileType = file.storyboard; name = Base; path = Base.lproj/Main.storyboard; sourceTree = "<group>"; };
		A29C528C1D1E17DC00ACFFCD /* Assets.xcassets */ = {isa = PBXFileReference; lastKnownFileType = folder.assetcatalog; path = Assets.xcassets; sourceTree = "<group>"; };
		A29C528F1D1E17DC00ACFFCD /* Base */ = {isa = PBXFileReference; lastKnownFileType = file.storyboard; name = Base; path = Base.lproj/LaunchScreen.storyboard; sourceTree = "<group>"; };
		A29C52911D1E17DC00ACFFCD /* Info.plist */ = {isa = PBXFileReference; lastKnownFileType = text.plist.xml; path = Info.plist; sourceTree = "<group>"; };
		A29C52961D1E17DC00ACFFCD /* UIControllerViewTests.xctest */ = {isa = PBXFileReference; explicitFileType = wrapper.cfbundle; includeInIndex = 0; path = UIControllerViewTests.xctest; sourceTree = BUILT_PRODUCTS_DIR; };
		A29C529A1D1E17DC00ACFFCD /* UIControllerViewTests.m */ = {isa = PBXFileReference; lastKnownFileType = sourcecode.c.objc; path = UIControllerViewTests.m; sourceTree = "<group>"; };
		A29C529C1D1E17DC00ACFFCD /* Info.plist */ = {isa = PBXFileReference; lastKnownFileType = text.plist.xml; path = Info.plist; sourceTree = "<group>"; };
		A29C52A11D1E17DC00ACFFCD /* UIControllerViewUITests.xctest */ = {isa = PBXFileReference; explicitFileType = wrapper.cfbundle; includeInIndex = 0; path = UIControllerViewUITests.xctest; sourceTree = BUILT_PRODUCTS_DIR; };
		A29C52A51D1E17DC00ACFFCD /* UIControllerViewUITests.m */ = {isa = PBXFileReference; lastKnownFileType = sourcecode.c.objc; path = UIControllerViewUITests.m; sourceTree = "<group>"; };
		A29C52A71D1E17DC00ACFFCD /* Info.plist */ = {isa = PBXFileReference; lastKnownFileType = text.plist.xml; path = Info.plist; sourceTree = "<group>"; };
		A29C52B31D1E1C5E00ACFFCD /* CollectionViewFlowLayout.h */ = {isa = PBXFileReference; fileEncoding = 4; lastKnownFileType = sourcecode.c.h; path = CollectionViewFlowLayout.h; sourceTree = "<group>"; };
		A29C52B41D1E1C5E00ACFFCD /* CollectionViewFlowLayout.m */ = {isa = PBXFileReference; fileEncoding = 4; lastKnownFileType = sourcecode.c.objc; path = CollectionViewFlowLayout.m; sourceTree = "<group>"; };
		A29C52B61D1E545000ACFFCD /* HorizontalViewController.h */ = {isa = PBXFileReference; fileEncoding = 4; lastKnownFileType = sourcecode.c.h; path = HorizontalViewController.h; sourceTree = "<group>"; };
		A29C52B71D1E545000ACFFCD /* HorizontalViewController.m */ = {isa = PBXFileReference; fileEncoding = 4; lastKnownFileType = sourcecode.c.objc; path = HorizontalViewController.m; sourceTree = "<group>"; };
		A2C7CB9F1D1EC23100F1FB5F /* WaterFallViewController.h */ = {isa = PBXFileReference; fileEncoding = 4; lastKnownFileType = sourcecode.c.h; path = WaterFallViewController.h; sourceTree = "<group>"; };
		A2C7CBA01D1EC23100F1FB5F /* WaterFallViewController.m */ = {isa = PBXFileReference; fileEncoding = 4; lastKnownFileType = sourcecode.c.objc; path = WaterFallViewController.m; sourceTree = "<group>"; };
		A2C7CBA21D1EC2F900F1FB5F /* WaterFallViewLayout.h */ = {isa = PBXFileReference; fileEncoding = 4; lastKnownFileType = sourcecode.c.h; path = WaterFallViewLayout.h; sourceTree = "<group>"; };
		A2C7CBA31D1EC2F900F1FB5F /* WaterFallViewLayout.m */ = {isa = PBXFileReference; fileEncoding = 4; lastKnownFileType = sourcecode.c.objc; path = WaterFallViewLayout.m; sourceTree = "<group>"; };
		A2C7CBA61D1ECC0900F1FB5F /* LICENSE */ = {isa = PBXFileReference; fileEncoding = 4; lastKnownFileType = text; path = LICENSE; sourceTree = "<group>"; };
		A2C7CBAA1D1ECC0900F1FB5F /* MJConst.h */ = {isa = PBXFileReference; fileEncoding = 4; lastKnownFileType = sourcecode.c.h; path = MJConst.h; sourceTree = "<group>"; };
		A2C7CBAB1D1ECC0900F1FB5F /* MJConst.m */ = {isa = PBXFileReference; fileEncoding = 4; lastKnownFileType = sourcecode.c.objc; path = MJConst.m; sourceTree = "<group>"; };
		A2C7CBAC1D1ECC0900F1FB5F /* MJExtension.h */ = {isa = PBXFileReference; fileEncoding = 4; lastKnownFileType = sourcecode.c.h; path = MJExtension.h; sourceTree = "<group>"; };
		A2C7CBAD1D1ECC0900F1FB5F /* MJFoundation.h */ = {isa = PBXFileReference; fileEncoding = 4; lastKnownFileType = sourcecode.c.h; path = MJFoundation.h; sourceTree = "<group>"; };
		A2C7CBAE1D1ECC0900F1FB5F /* MJFoundation.m */ = {isa = PBXFileReference; fileEncoding = 4; lastKnownFileType = sourcecode.c.objc; path = MJFoundation.m; sourceTree = "<group>"; };
		A2C7CBAF1D1ECC0900F1FB5F /* MJProperty.h */ = {isa = PBXFileReference; fileEncoding = 4; lastKnownFileType = sourcecode.c.h; path = MJProperty.h; sourceTree = "<group>"; };
		A2C7CBB01D1ECC0900F1FB5F /* MJProperty.m */ = {isa = PBXFileReference; fileEncoding = 4; lastKnownFileType = sourcecode.c.objc; path = MJProperty.m; sourceTree = "<group>"; };
		A2C7CBB11D1ECC0900F1FB5F /* MJType.h */ = {isa = PBXFileReference; fileEncoding = 4; lastKnownFileType = sourcecode.c.h; path = MJType.h; sourceTree = "<group>"; };
		A2C7CBB21D1ECC0900F1FB5F /* MJType.m */ = {isa = PBXFileReference; fileEncoding = 4; lastKnownFileType = sourcecode.c.objc; path = MJType.m; sourceTree = "<group>"; };
		A2C7CBB31D1ECC0900F1FB5F /* NSObject+MJCoding.h */ = {isa = PBXFileReference; fileEncoding = 4; lastKnownFileType = sourcecode.c.h; path = "NSObject+MJCoding.h"; sourceTree = "<group>"; };
		A2C7CBB41D1ECC0900F1FB5F /* NSObject+MJCoding.m */ = {isa = PBXFileReference; fileEncoding = 4; lastKnownFileType = sourcecode.c.objc; path = "NSObject+MJCoding.m"; sourceTree = "<group>"; };
		A2C7CBB51D1ECC0900F1FB5F /* NSObject+MJKeyValue.h */ = {isa = PBXFileReference; fileEncoding = 4; lastKnownFileType = sourcecode.c.h; path = "NSObject+MJKeyValue.h"; sourceTree = "<group>"; };
		A2C7CBB61D1ECC0900F1FB5F /* NSObject+MJKeyValue.m */ = {isa = PBXFileReference; fileEncoding = 4; lastKnownFileType = sourcecode.c.objc; path = "NSObject+MJKeyValue.m"; sourceTree = "<group>"; };
		A2C7CBB71D1ECC0900F1FB5F /* NSObject+MJProperty.h */ = {isa = PBXFileReference; fileEncoding = 4; lastKnownFileType = sourcecode.c.h; path = "NSObject+MJProperty.h"; sourceTree = "<group>"; };
		A2C7CBB81D1ECC0900F1FB5F /* NSObject+MJProperty.m */ = {isa = PBXFileReference; fileEncoding = 4; lastKnownFileType = sourcecode.c.objc; path = "NSObject+MJProperty.m"; sourceTree = "<group>"; };
		A2C7CBB91D1ECC0900F1FB5F /* NSString+MJExtension.h */ = {isa = PBXFileReference; fileEncoding = 4; lastKnownFileType = sourcecode.c.h; path = "NSString+MJExtension.h"; sourceTree = "<group>"; };
		A2C7CBBA1D1ECC0900F1FB5F /* NSString+MJExtension.m */ = {isa = PBXFileReference; fileEncoding = 4; lastKnownFileType = sourcecode.c.objc; path = "NSString+MJExtension.m"; sourceTree = "<group>"; };
		A2C7CBBB1D1ECC0900F1FB5F /* README.md */ = {isa = PBXFileReference; fileEncoding = 4; lastKnownFileType = net.daringfireball.markdown; path = README.md; sourceTree = "<group>"; };
		A2C7CBBD1D1ECC0900F1FB5F /* LICENSE */ = {isa = PBXFileReference; fileEncoding = 4; lastKnownFileType = text; path = LICENSE; sourceTree = "<group>"; };
		A2C7CBBE1D1ECC0900F1FB5F /* README.md */ = {isa = PBXFileReference; fileEncoding = 4; lastKnownFileType = net.daringfireball.markdown; path = README.md; sourceTree = "<group>"; };
		A2C7CBC01D1ECC0900F1FB5F /* NSData+ImageContentType.h */ = {isa = PBXFileReference; fileEncoding = 4; lastKnownFileType = sourcecode.c.h; path = "NSData+ImageContentType.h"; sourceTree = "<group>"; };
		A2C7CBC11D1ECC0900F1FB5F /* NSData+ImageContentType.m */ = {isa = PBXFileReference; fileEncoding = 4; lastKnownFileType = sourcecode.c.objc; path = "NSData+ImageContentType.m"; sourceTree = "<group>"; };
		A2C7CBC21D1ECC0900F1FB5F /* SDImageCache.h */ = {isa = PBXFileReference; fileEncoding = 4; lastKnownFileType = sourcecode.c.h; path = SDImageCache.h; sourceTree = "<group>"; };
		A2C7CBC31D1ECC0900F1FB5F /* SDImageCache.m */ = {isa = PBXFileReference; fileEncoding = 4; lastKnownFileType = sourcecode.c.objc; path = SDImageCache.m; sourceTree = "<group>"; };
		A2C7CBC41D1ECC0900F1FB5F /* SDWebImageCompat.h */ = {isa = PBXFileReference; fileEncoding = 4; lastKnownFileType = sourcecode.c.h; path = SDWebImageCompat.h; sourceTree = "<group>"; };
		A2C7CBC51D1ECC0900F1FB5F /* SDWebImageCompat.m */ = {isa = PBXFileReference; fileEncoding = 4; lastKnownFileType = sourcecode.c.objc; path = SDWebImageCompat.m; sourceTree = "<group>"; };
		A2C7CBC61D1ECC0900F1FB5F /* SDWebImageDecoder.h */ = {isa = PBXFileReference; fileEncoding = 4; lastKnownFileType = sourcecode.c.h; path = SDWebImageDecoder.h; sourceTree = "<group>"; };
		A2C7CBC71D1ECC0900F1FB5F /* SDWebImageDecoder.m */ = {isa = PBXFileReference; fileEncoding = 4; lastKnownFileType = sourcecode.c.objc; path = SDWebImageDecoder.m; sourceTree = "<group>"; };
		A2C7CBC81D1ECC0900F1FB5F /* SDWebImageDownloader.h */ = {isa = PBXFileReference; fileEncoding = 4; lastKnownFileType = sourcecode.c.h; path = SDWebImageDownloader.h; sourceTree = "<group>"; };
		A2C7CBC91D1ECC0900F1FB5F /* SDWebImageDownloader.m */ = {isa = PBXFileReference; fileEncoding = 4; lastKnownFileType = sourcecode.c.objc; path = SDWebImageDownloader.m; sourceTree = "<group>"; };
		A2C7CBCA1D1ECC0900F1FB5F /* SDWebImageDownloaderOperation.h */ = {isa = PBXFileReference; fileEncoding = 4; lastKnownFileType = sourcecode.c.h; path = SDWebImageDownloaderOperation.h; sourceTree = "<group>"; };
		A2C7CBCB1D1ECC0900F1FB5F /* SDWebImageDownloaderOperation.m */ = {isa = PBXFileReference; fileEncoding = 4; lastKnownFileType = sourcecode.c.objc; path = SDWebImageDownloaderOperation.m; sourceTree = "<group>"; };
		A2C7CBCC1D1ECC0900F1FB5F /* SDWebImageManager.h */ = {isa = PBXFileReference; fileEncoding = 4; lastKnownFileType = sourcecode.c.h; path = SDWebImageManager.h; sourceTree = "<group>"; };
		A2C7CBCD1D1ECC0900F1FB5F /* SDWebImageManager.m */ = {isa = PBXFileReference; fileEncoding = 4; lastKnownFileType = sourcecode.c.objc; path = SDWebImageManager.m; sourceTree = "<group>"; };
		A2C7CBCE1D1ECC0900F1FB5F /* SDWebImageOperation.h */ = {isa = PBXFileReference; fileEncoding = 4; lastKnownFileType = sourcecode.c.h; path = SDWebImageOperation.h; sourceTree = "<group>"; };
		A2C7CBCF1D1ECC0900F1FB5F /* SDWebImagePrefetcher.h */ = {isa = PBXFileReference; fileEncoding = 4; lastKnownFileType = sourcecode.c.h; path = SDWebImagePrefetcher.h; sourceTree = "<group>"; };
		A2C7CBD01D1ECC0900F1FB5F /* SDWebImagePrefetcher.m */ = {isa = PBXFileReference; fileEncoding = 4; lastKnownFileType = sourcecode.c.objc; path = SDWebImagePrefetcher.m; sourceTree = "<group>"; };
		A2C7CBD11D1ECC0900F1FB5F /* UIButton+WebCache.h */ = {isa = PBXFileReference; fileEncoding = 4; lastKnownFileType = sourcecode.c.h; path = "UIButton+WebCache.h"; sourceTree = "<group>"; };
		A2C7CBD21D1ECC0900F1FB5F /* UIButton+WebCache.m */ = {isa = PBXFileReference; fileEncoding = 4; lastKnownFileType = sourcecode.c.objc; path = "UIButton+WebCache.m"; sourceTree = "<group>"; };
		A2C7CBD31D1ECC0900F1FB5F /* UIImage+GIF.h */ = {isa = PBXFileReference; fileEncoding = 4; lastKnownFileType = sourcecode.c.h; path = "UIImage+GIF.h"; sourceTree = "<group>"; };
		A2C7CBD41D1ECC0900F1FB5F /* UIImage+GIF.m */ = {isa = PBXFileReference; fileEncoding = 4; lastKnownFileType = sourcecode.c.objc; path = "UIImage+GIF.m"; sourceTree = "<group>"; };
		A2C7CBD51D1ECC0900F1FB5F /* UIImage+MultiFormat.h */ = {isa = PBXFileReference; fileEncoding = 4; lastKnownFileType = sourcecode.c.h; path = "UIImage+MultiFormat.h"; sourceTree = "<group>"; };
		A2C7CBD61D1ECC0900F1FB5F /* UIImage+MultiFormat.m */ = {isa = PBXFileReference; fileEncoding = 4; lastKnownFileType = sourcecode.c.objc; path = "UIImage+MultiFormat.m"; sourceTree = "<group>"; };
		A2C7CBD71D1ECC0900F1FB5F /* UIImageView+HighlightedWebCache.h */ = {isa = PBXFileReference; fileEncoding = 4; lastKnownFileType = sourcecode.c.h; path = "UIImageView+HighlightedWebCache.h"; sourceTree = "<group>"; };
		A2C7CBD81D1ECC0900F1FB5F /* UIImageView+HighlightedWebCache.m */ = {isa = PBXFileReference; fileEncoding = 4; lastKnownFileType = sourcecode.c.objc; path = "UIImageView+HighlightedWebCache.m"; sourceTree = "<group>"; };
		A2C7CBD91D1ECC0900F1FB5F /* UIImageView+WebCache.h */ = {isa = PBXFileReference; fileEncoding = 4; lastKnownFileType = sourcecode.c.h; path = "UIImageView+WebCache.h"; sourceTree = "<group>"; };
		A2C7CBDA1D1ECC0900F1FB5F /* UIImageView+WebCache.m */ = {isa = PBXFileReference; fileEncoding = 4; lastKnownFileType = sourcecode.c.objc; path = "UIImageView+WebCache.m"; sourceTree = "<group>"; };
		A2C7CBDB1D1ECC0900F1FB5F /* UIView+WebCacheOperation.h */ = {isa = PBXFileReference; fileEncoding = 4; lastKnownFileType = sourcecode.c.h; path = "UIView+WebCacheOperation.h"; sourceTree = "<group>"; };
		A2C7CBDC1D1ECC0900F1FB5F /* UIView+WebCacheOperation.m */ = {isa = PBXFileReference; fileEncoding = 4; lastKnownFileType = sourcecode.c.objc; path = "UIView+WebCacheOperation.m"; sourceTree = "<group>"; };
/* End PBXFileReference section */

/* Begin PBXFrameworksBuildPhase section */
		A29C527A1D1E17DC00ACFFCD /* Frameworks */ = {
			isa = PBXFrameworksBuildPhase;
			buildActionMask = 2147483647;
			files = (
			);
			runOnlyForDeploymentPostprocessing = 0;
		};
		A29C52931D1E17DC00ACFFCD /* Frameworks */ = {
			isa = PBXFrameworksBuildPhase;
			buildActionMask = 2147483647;
			files = (
			);
			runOnlyForDeploymentPostprocessing = 0;
		};
		A29C529E1D1E17DC00ACFFCD /* Frameworks */ = {
			isa = PBXFrameworksBuildPhase;
			buildActionMask = 2147483647;
			files = (
			);
			runOnlyForDeploymentPostprocessing = 0;
		};
/* End PBXFrameworksBuildPhase section */

/* Begin PBXGroup section */
		A295DCF61D1F7B7900A138CB /* MJRefresh */ = {
			isa = PBXGroup;
			children = (
				A295DCF71D1F7B7900A138CB /* Base */,
				A295DD021D1F7B7900A138CB /* Custom */,
				A295DD191D1F7B7900A138CB /* MJRefresh.bundle */,
				A295DD1A1D1F7B7900A138CB /* MJRefresh.h */,
				A295DD1B1D1F7B7900A138CB /* MJRefreshConst.h */,
				A295DD1C1D1F7B7900A138CB /* MJRefreshConst.m */,
				A295DD1D1D1F7B7900A138CB /* UIScrollView+MJExtension.h */,
				A295DD1E1D1F7B7900A138CB /* UIScrollView+MJExtension.m */,
				A295DD1F1D1F7B7900A138CB /* UIScrollView+MJRefresh.h */,
				A295DD201D1F7B7900A138CB /* UIScrollView+MJRefresh.m */,
				A295DD211D1F7B7900A138CB /* UIView+MJExtension.h */,
				A295DD221D1F7B7900A138CB /* UIView+MJExtension.m */,
			);
			path = MJRefresh;
			sourceTree = "<group>";
		};
		A295DCF71D1F7B7900A138CB /* Base */ = {
			isa = PBXGroup;
			children = (
				A295DCF81D1F7B7900A138CB /* MJRefreshAutoFooter.h */,
				A295DCF91D1F7B7900A138CB /* MJRefreshAutoFooter.m */,
				A295DCFA1D1F7B7900A138CB /* MJRefreshBackFooter.h */,
				A295DCFB1D1F7B7900A138CB /* MJRefreshBackFooter.m */,
				A295DCFC1D1F7B7900A138CB /* MJRefreshComponent.h */,
				A295DCFD1D1F7B7900A138CB /* MJRefreshComponent.m */,
				A295DCFE1D1F7B7900A138CB /* MJRefreshFooter.h */,
				A295DCFF1D1F7B7900A138CB /* MJRefreshFooter.m */,
				A295DD001D1F7B7900A138CB /* MJRefreshHeader.h */,
				A295DD011D1F7B7900A138CB /* MJRefreshHeader.m */,
			);
			path = Base;
			sourceTree = "<group>";
		};
		A295DD021D1F7B7900A138CB /* Custom */ = {
			isa = PBXGroup;
			children = (
				A295DD031D1F7B7900A138CB /* Footer */,
				A295DD121D1F7B7900A138CB /* Header */,
			);
			path = Custom;
			sourceTree = "<group>";
		};
		A295DD031D1F7B7900A138CB /* Footer */ = {
			isa = PBXGroup;
			children = (
				A295DD041D1F7B7900A138CB /* Auto */,
				A295DD0B1D1F7B7900A138CB /* Back */,
			);
			path = Footer;
			sourceTree = "<group>";
		};
		A295DD041D1F7B7900A138CB /* Auto */ = {
			isa = PBXGroup;
			children = (
				A295DD051D1F7B7900A138CB /* MJRefreshAutoGifFooter.h */,
				A295DD061D1F7B7900A138CB /* MJRefreshAutoGifFooter.m */,
				A295DD071D1F7B7900A138CB /* MJRefreshAutoNormalFooter.h */,
				A295DD081D1F7B7900A138CB /* MJRefreshAutoNormalFooter.m */,
				A295DD091D1F7B7900A138CB /* MJRefreshAutoStateFooter.h */,
				A295DD0A1D1F7B7900A138CB /* MJRefreshAutoStateFooter.m */,
			);
			path = Auto;
			sourceTree = "<group>";
		};
		A295DD0B1D1F7B7900A138CB /* Back */ = {
			isa = PBXGroup;
			children = (
				A295DD0C1D1F7B7900A138CB /* MJRefreshBackGifFooter.h */,
				A295DD0D1D1F7B7900A138CB /* MJRefreshBackGifFooter.m */,
				A295DD0E1D1F7B7900A138CB /* MJRefreshBackNormalFooter.h */,
				A295DD0F1D1F7B7900A138CB /* MJRefreshBackNormalFooter.m */,
				A295DD101D1F7B7900A138CB /* MJRefreshBackStateFooter.h */,
				A295DD111D1F7B7900A138CB /* MJRefreshBackStateFooter.m */,
			);
			path = Back;
			sourceTree = "<group>";
		};
		A295DD121D1F7B7900A138CB /* Header */ = {
			isa = PBXGroup;
			children = (
				A295DD131D1F7B7900A138CB /* MJRefreshGifHeader.h */,
				A295DD141D1F7B7900A138CB /* MJRefreshGifHeader.m */,
				A295DD151D1F7B7900A138CB /* MJRefreshNormalHeader.h */,
				A295DD161D1F7B7900A138CB /* MJRefreshNormalHeader.m */,
				A295DD171D1F7B7900A138CB /* MJRefreshStateHeader.h */,
				A295DD181D1F7B7900A138CB /* MJRefreshStateHeader.m */,
			);
			path = Header;
			sourceTree = "<group>";
		};
		A29C52741D1E17DC00ACFFCD = {
			isa = PBXGroup;
			children = (
				A29C527F1D1E17DC00ACFFCD /* UIControllerView */,
				A29C52991D1E17DC00ACFFCD /* UIControllerViewTests */,
				A29C52A41D1E17DC00ACFFCD /* UIControllerViewUITests */,
				A29C527E1D1E17DC00ACFFCD /* Products */,
			);
			sourceTree = "<group>";
		};
		A29C527E1D1E17DC00ACFFCD /* Products */ = {
			isa = PBXGroup;
			children = (
				A29C527D1D1E17DC00ACFFCD /* UIControllerView.app */,
				A29C52961D1E17DC00ACFFCD /* UIControllerViewTests.xctest */,
				A29C52A11D1E17DC00ACFFCD /* UIControllerViewUITests.xctest */,
			);
			name = Products;
			sourceTree = "<group>";
		};
		A29C527F1D1E17DC00ACFFCD /* UIControllerView */ = {
			isa = PBXGroup;
			children = (
				A29C52831D1E17DC00ACFFCD /* AppDelegate.h */,
				A29C52841D1E17DC00ACFFCD /* AppDelegate.m */,
				A29C52861D1E17DC00ACFFCD /* ViewController.h */,
				A29C52871D1E17DC00ACFFCD /* ViewController.m */,
				A2C7CB9E1D1EC20600F1FB5F /* 瀑布流 */,
				A29C52B91D1E560900ACFFCD /* 水平滚动布局方式 */,
				A29C52891D1E17DC00ACFFCD /* Main.storyboard */,
				A295DCF61D1F7B7900A138CB /* MJRefresh */,
				A2C7CBA51D1ECC0900F1FB5F /* MJExtension */,
				A2C7CBBC1D1ECC0900F1FB5F /* SDWebImage */,
				A29C528C1D1E17DC00ACFFCD /* Assets.xcassets */,
				A29C528E1D1E17DC00ACFFCD /* LaunchScreen.storyboard */,
				A29C52911D1E17DC00ACFFCD /* Info.plist */,
				A29C52801D1E17DC00ACFFCD /* Supporting Files */,
			);
			path = UIControllerView;
			sourceTree = "<group>";
		};
		A29C52801D1E17DC00ACFFCD /* Supporting Files */ = {
			isa = PBXGroup;
			children = (
				A29C52811D1E17DC00ACFFCD /* main.m */,
			);
			name = "Supporting Files";
			sourceTree = "<group>";
		};
		A29C52991D1E17DC00ACFFCD /* UIControllerViewTests */ = {
			isa = PBXGroup;
			children = (
				A29C529A1D1E17DC00ACFFCD /* UIControllerViewTests.m */,
				A29C529C1D1E17DC00ACFFCD /* Info.plist */,
			);
			path = UIControllerViewTests;
			sourceTree = "<group>";
		};
		A29C52A41D1E17DC00ACFFCD /* UIControllerViewUITests */ = {
			isa = PBXGroup;
			children = (
				A29C52A51D1E17DC00ACFFCD /* UIControllerViewUITests.m */,
				A29C52A71D1E17DC00ACFFCD /* Info.plist */,
			);
			path = UIControllerViewUITests;
			sourceTree = "<group>";
		};
		A29C52B91D1E560900ACFFCD /* 水平滚动布局方式 */ = {
			isa = PBXGroup;
			children = (
				A29C52B61D1E545000ACFFCD /* HorizontalViewController.h */,
				A29C52B71D1E545000ACFFCD /* HorizontalViewController.m */,
				A29C52B31D1E1C5E00ACFFCD /* CollectionViewFlowLayout.h */,
				A29C52B41D1E1C5E00ACFFCD /* CollectionViewFlowLayout.m */,
			);
			name = "水平滚动布局方式";
			sourceTree = "<group>";
		};
		A2C7CB9E1D1EC20600F1FB5F /* 瀑布流 */ = {
			isa = PBXGroup;
			children = (
				A2C7CB9F1D1EC23100F1FB5F /* WaterFallViewController.h */,
				A2C7CBA01D1EC23100F1FB5F /* WaterFallViewController.m */,
				A2C7CBA21D1EC2F900F1FB5F /* WaterFallViewLayout.h */,
				A2C7CBA31D1EC2F900F1FB5F /* WaterFallViewLayout.m */,
				A295DCEC1D1F75D200A138CB /* XBShopModel.h */,
				A295DCED1D1F75D200A138CB /* XBShopModel.m */,
				A295DCEF1D1F772200A138CB /* WaterCollectionViewCell.h */,
				A295DCF01D1F772200A138CB /* WaterCollectionViewCell.m */,
				A295DCEA1D1F75A700A138CB /* 1.plist */,
				A295DD361D1F828A00A138CB /* place.png */,
			);
			name = "瀑布流";
			sourceTree = "<group>";
		};
		A2C7CBA51D1ECC0900F1FB5F /* MJExtension */ = {
			isa = PBXGroup;
			children = (
				A2C7CBA61D1ECC0900F1FB5F /* LICENSE */,
				A2C7CBA71D1ECC0900F1FB5F /* MJExtensionExample */,
				A2C7CBBB1D1ECC0900F1FB5F /* README.md */,
			);
			path = MJExtension;
			sourceTree = "<group>";
		};
		A2C7CBA71D1ECC0900F1FB5F /* MJExtensionExample */ = {
			isa = PBXGroup;
			children = (
				A2C7CBA81D1ECC0900F1FB5F /* MJExtensionExample */,
			);
			path = MJExtensionExample;
			sourceTree = "<group>";
		};
		A2C7CBA81D1ECC0900F1FB5F /* MJExtensionExample */ = {
			isa = PBXGroup;
			children = (
				A2C7CBA91D1ECC0900F1FB5F /* MJExtension */,
			);
			path = MJExtensionExample;
			sourceTree = "<group>";
		};
		A2C7CBA91D1ECC0900F1FB5F /* MJExtension */ = {
			isa = PBXGroup;
			children = (
				A2C7CBAA1D1ECC0900F1FB5F /* MJConst.h */,
				A2C7CBAB1D1ECC0900F1FB5F /* MJConst.m */,
				A2C7CBAC1D1ECC0900F1FB5F /* MJExtension.h */,
				A2C7CBAD1D1ECC0900F1FB5F /* MJFoundation.h */,
				A2C7CBAE1D1ECC0900F1FB5F /* MJFoundation.m */,
				A2C7CBAF1D1ECC0900F1FB5F /* MJProperty.h */,
				A2C7CBB01D1ECC0900F1FB5F /* MJProperty.m */,
				A2C7CBB11D1ECC0900F1FB5F /* MJType.h */,
				A2C7CBB21D1ECC0900F1FB5F /* MJType.m */,
				A2C7CBB31D1ECC0900F1FB5F /* NSObject+MJCoding.h */,
				A2C7CBB41D1ECC0900F1FB5F /* NSObject+MJCoding.m */,
				A2C7CBB51D1ECC0900F1FB5F /* NSObject+MJKeyValue.h */,
				A2C7CBB61D1ECC0900F1FB5F /* NSObject+MJKeyValue.m */,
				A2C7CBB71D1ECC0900F1FB5F /* NSObject+MJProperty.h */,
				A2C7CBB81D1ECC0900F1FB5F /* NSObject+MJProperty.m */,
				A2C7CBB91D1ECC0900F1FB5F /* NSString+MJExtension.h */,
				A2C7CBBA1D1ECC0900F1FB5F /* NSString+MJExtension.m */,
			);
			path = MJExtension;
			sourceTree = "<group>";
		};
		A2C7CBBC1D1ECC0900F1FB5F /* SDWebImage */ = {
			isa = PBXGroup;
			children = (
				A2C7CBBD1D1ECC0900F1FB5F /* LICENSE */,
				A2C7CBBE1D1ECC0900F1FB5F /* README.md */,
				A2C7CBBF1D1ECC0900F1FB5F /* SDWebImage */,
			);
			path = SDWebImage;
			sourceTree = "<group>";
		};
		A2C7CBBF1D1ECC0900F1FB5F /* SDWebImage */ = {
			isa = PBXGroup;
			children = (
				A2C7CBC01D1ECC0900F1FB5F /* NSData+ImageContentType.h */,
				A2C7CBC11D1ECC0900F1FB5F /* NSData+ImageContentType.m */,
				A2C7CBC21D1ECC0900F1FB5F /* SDImageCache.h */,
				A2C7CBC31D1ECC0900F1FB5F /* SDImageCache.m */,
				A2C7CBC41D1ECC0900F1FB5F /* SDWebImageCompat.h */,
				A2C7CBC51D1ECC0900F1FB5F /* SDWebImageCompat.m */,
				A2C7CBC61D1ECC0900F1FB5F /* SDWebImageDecoder.h */,
				A2C7CBC71D1ECC0900F1FB5F /* SDWebImageDecoder.m */,
				A2C7CBC81D1ECC0900F1FB5F /* SDWebImageDownloader.h */,
				A2C7CBC91D1ECC0900F1FB5F /* SDWebImageDownloader.m */,
				A2C7CBCA1D1ECC0900F1FB5F /* SDWebImageDownloaderOperation.h */,
				A2C7CBCB1D1ECC0900F1FB5F /* SDWebImageDownloaderOperation.m */,
				A2C7CBCC1D1ECC0900F1FB5F /* SDWebImageManager.h */,
				A2C7CBCD1D1ECC0900F1FB5F /* SDWebImageManager.m */,
				A2C7CBCE1D1ECC0900F1FB5F /* SDWebImageOperation.h */,
				A2C7CBCF1D1ECC0900F1FB5F /* SDWebImagePrefetcher.h */,
				A2C7CBD01D1ECC0900F1FB5F /* SDWebImagePrefetcher.m */,
				A2C7CBD11D1ECC0900F1FB5F /* UIButton+WebCache.h */,
				A2C7CBD21D1ECC0900F1FB5F /* UIButton+WebCache.m */,
				A2C7CBD31D1ECC0900F1FB5F /* UIImage+GIF.h */,
				A2C7CBD41D1ECC0900F1FB5F /* UIImage+GIF.m */,
				A2C7CBD51D1ECC0900F1FB5F /* UIImage+MultiFormat.h */,
				A2C7CBD61D1ECC0900F1FB5F /* UIImage+MultiFormat.m */,
				A2C7CBD71D1ECC0900F1FB5F /* UIImageView+HighlightedWebCache.h */,
				A2C7CBD81D1ECC0900F1FB5F /* UIImageView+HighlightedWebCache.m */,
				A2C7CBD91D1ECC0900F1FB5F /* UIImageView+WebCache.h */,
				A2C7CBDA1D1ECC0900F1FB5F /* UIImageView+WebCache.m */,
				A2C7CBDB1D1ECC0900F1FB5F /* UIView+WebCacheOperation.h */,
				A2C7CBDC1D1ECC0900F1FB5F /* UIView+WebCacheOperation.m */,
			);
			path = SDWebImage;
			sourceTree = "<group>";
		};
/* End PBXGroup section */

/* Begin PBXNativeTarget section */
		A29C527C1D1E17DC00ACFFCD /* UIControllerView */ = {
			isa = PBXNativeTarget;
			buildConfigurationList = A29C52AA1D1E17DC00ACFFCD /* Build configuration list for PBXNativeTarget "UIControllerView" */;
			buildPhases = (
				A29C52791D1E17DC00ACFFCD /* Sources */,
				A29C527A1D1E17DC00ACFFCD /* Frameworks */,
				A29C527B1D1E17DC00ACFFCD /* Resources */,
			);
			buildRules = (
			);
			dependencies = (
			);
			name = UIControllerView;
			productName = UIControllerView;
			productReference = A29C527D1D1E17DC00ACFFCD /* UIControllerView.app */;
			productType = "com.apple.product-type.application";
		};
		A29C52951D1E17DC00ACFFCD /* UIControllerViewTests */ = {
			isa = PBXNativeTarget;
			buildConfigurationList = A29C52AD1D1E17DC00ACFFCD /* Build configuration list for PBXNativeTarget "UIControllerViewTests" */;
			buildPhases = (
				A29C52921D1E17DC00ACFFCD /* Sources */,
				A29C52931D1E17DC00ACFFCD /* Frameworks */,
				A29C52941D1E17DC00ACFFCD /* Resources */,
			);
			buildRules = (
			);
			dependencies = (
				A29C52981D1E17DC00ACFFCD /* PBXTargetDependency */,
			);
			name = UIControllerViewTests;
			productName = UIControllerViewTests;
			productReference = A29C52961D1E17DC00ACFFCD /* UIControllerViewTests.xctest */;
			productType = "com.apple.product-type.bundle.unit-test";
		};
		A29C52A01D1E17DC00ACFFCD /* UIControllerViewUITests */ = {
			isa = PBXNativeTarget;
			buildConfigurationList = A29C52B01D1E17DC00ACFFCD /* Build configuration list for PBXNativeTarget "UIControllerViewUITests" */;
			buildPhases = (
				A29C529D1D1E17DC00ACFFCD /* Sources */,
				A29C529E1D1E17DC00ACFFCD /* Frameworks */,
				A29C529F1D1E17DC00ACFFCD /* Resources */,
			);
			buildRules = (
			);
			dependencies = (
				A29C52A31D1E17DC00ACFFCD /* PBXTargetDependency */,
			);
			name = UIControllerViewUITests;
			productName = UIControllerViewUITests;
			productReference = A29C52A11D1E17DC00ACFFCD /* UIControllerViewUITests.xctest */;
			productType = "com.apple.product-type.bundle.ui-testing";
		};
/* End PBXNativeTarget section */

/* Begin PBXProject section */
		A29C52751D1E17DC00ACFFCD /* Project object */ = {
			isa = PBXProject;
			attributes = {
				LastUpgradeCheck = 0710;
				ORGANIZATIONNAME = "龙少";
				TargetAttributes = {
					A29C527C1D1E17DC00ACFFCD = {
						CreatedOnToolsVersion = 7.1.1;
					};
					A29C52951D1E17DC00ACFFCD = {
						CreatedOnToolsVersion = 7.1.1;
						TestTargetID = A29C527C1D1E17DC00ACFFCD;
					};
					A29C52A01D1E17DC00ACFFCD = {
						CreatedOnToolsVersion = 7.1.1;
						TestTargetID = A29C527C1D1E17DC00ACFFCD;
					};
				};
			};
			buildConfigurationList = A29C52781D1E17DC00ACFFCD /* Build configuration list for PBXProject "UIControllerView" */;
			compatibilityVersion = "Xcode 3.2";
			developmentRegion = English;
			hasScannedForEncodings = 0;
			knownRegions = (
				en,
				Base,
			);
			mainGroup = A29C52741D1E17DC00ACFFCD;
			productRefGroup = A29C527E1D1E17DC00ACFFCD /* Products */;
			projectDirPath = "";
			projectRoot = "";
			targets = (
				A29C527C1D1E17DC00ACFFCD /* UIControllerView */,
				A29C52951D1E17DC00ACFFCD /* UIControllerViewTests */,
				A29C52A01D1E17DC00ACFFCD /* UIControllerViewUITests */,
			);
		};
/* End PBXProject section */

/* Begin PBXResourcesBuildPhase section */
		A29C527B1D1E17DC00ACFFCD /* Resources */ = {
			isa = PBXResourcesBuildPhase;
			buildActionMask = 2147483647;
			files = (
				A295DD371D1F828A00A138CB /* place.png in Resources */,
				A295DCEB1D1F75A700A138CB /* 1.plist in Resources */,
				A29C52901D1E17DC00ACFFCD /* LaunchScreen.storyboard in Resources */,
				A29C528D1D1E17DC00ACFFCD /* Assets.xcassets in Resources */,
				A2C7CBDD1D1ECC0900F1FB5F /* LICENSE in Resources */,
				A29C528B1D1E17DC00ACFFCD /* Main.storyboard in Resources */,
				A295DD311D1F7B7900A138CB /* MJRefresh.bundle in Resources */,
				A2C7CBE71D1ECC0900F1FB5F /* LICENSE in Resources */,
			);
			runOnlyForDeploymentPostprocessing = 0;
		};
		A29C52941D1E17DC00ACFFCD /* Resources */ = {
			isa = PBXResourcesBuildPhase;
			buildActionMask = 2147483647;
			files = (
			);
			runOnlyForDeploymentPostprocessing = 0;
		};
		A29C529F1D1E17DC00ACFFCD /* Resources */ = {
			isa = PBXResourcesBuildPhase;
			buildActionMask = 2147483647;
			files = (
			);
			runOnlyForDeploymentPostprocessing = 0;
		};
/* End PBXResourcesBuildPhase section */

/* Begin PBXSourcesBuildPhase section */
		A29C52791D1E17DC00ACFFCD /* Sources */ = {
			isa = PBXSourcesBuildPhase;
			buildActionMask = 2147483647;
			files = (
				A2C7CBF21D1ECC0900F1FB5F /* UIImage+GIF.m in Sources */,
				A29C52881D1E17DC00ACFFCD /* ViewController.m in Sources */,
				A2C7CBF51D1ECC0900F1FB5F /* UIImageView+WebCache.m in Sources */,
				A2C7CBA11D1EC23100F1FB5F /* WaterFallViewController.m in Sources */,
				A295DD281D1F7B7900A138CB /* MJRefreshAutoGifFooter.m in Sources */,
				A2C7CBE31D1ECC0900F1FB5F /* NSObject+MJKeyValue.m in Sources */,
				A2C7CBDE1D1ECC0900F1FB5F /* MJConst.m in Sources */,
				A295DD2B1D1F7B7900A138CB /* MJRefreshBackGifFooter.m in Sources */,
				A295DD321D1F7B7900A138CB /* MJRefreshConst.m in Sources */,
				A2C7CBE91D1ECC0900F1FB5F /* NSData+ImageContentType.m in Sources */,
				A2C7CBE01D1ECC0900F1FB5F /* MJProperty.m in Sources */,
				A2C7CBDF1D1ECC0900F1FB5F /* MJFoundation.m in Sources */,
				A2C7CBEC1D1ECC0900F1FB5F /* SDWebImageDecoder.m in Sources */,
				A295DD351D1F7B7900A138CB /* UIView+MJExtension.m in Sources */,
				A295DD2D1D1F7B7900A138CB /* MJRefreshBackStateFooter.m in Sources */,
				A295DD301D1F7B7900A138CB /* MJRefreshStateHeader.m in Sources */,
				A295DCF11D1F772200A138CB /* WaterCollectionViewCell.m in Sources */,
				A2C7CBE61D1ECC0900F1FB5F /* README.md in Sources */,
				A2C7CBF61D1ECC0900F1FB5F /* UIView+WebCacheOperation.m in Sources */,
				A2C7CBF11D1ECC0900F1FB5F /* UIButton+WebCache.m in Sources */,
				A295DCEE1D1F75D200A138CB /* XBShopModel.m in Sources */,
				A295DD271D1F7B7900A138CB /* MJRefreshHeader.m in Sources */,
				A2C7CBEF1D1ECC0900F1FB5F /* SDWebImageManager.m in Sources */,
				A295DD231D1F7B7900A138CB /* MJRefreshAutoFooter.m in Sources */,
				A295DD331D1F7B7900A138CB /* UIScrollView+MJExtension.m in Sources */,
				A295DD261D1F7B7900A138CB /* MJRefreshFooter.m in Sources */,
				A2C7CBE11D1ECC0900F1FB5F /* MJType.m in Sources */,
				A295DD291D1F7B7900A138CB /* MJRefreshAutoNormalFooter.m in Sources */,
				A29C52851D1E17DC00ACFFCD /* AppDelegate.m in Sources */,
				A2C7CBE51D1ECC0900F1FB5F /* NSString+MJExtension.m in Sources */,
				A29C52B51D1E1C5E00ACFFCD /* CollectionViewFlowLayout.m in Sources */,
				A2C7CBE81D1ECC0900F1FB5F /* README.md in Sources */,
				A295DD2C1D1F7B7900A138CB /* MJRefreshBackNormalFooter.m in Sources */,
				A2C7CBED1D1ECC0900F1FB5F /* SDWebImageDownloader.m in Sources */,
				A295DD2F1D1F7B7900A138CB /* MJRefreshNormalHeader.m in Sources */,
				A2C7CBF01D1ECC0900F1FB5F /* SDWebImagePrefetcher.m in Sources */,
				A2C7CBE41D1ECC0900F1FB5F /* NSObject+MJProperty.m in Sources */,
				A2C7CBF41D1ECC0900F1FB5F /* UIImageView+HighlightedWebCache.m in Sources */,
				A295DD2E1D1F7B7900A138CB /* MJRefreshGifHeader.m in Sources */,
				A295DD341D1F7B7900A138CB /* UIScrollView+MJRefresh.m in Sources */,
				A2C7CBEA1D1ECC0900F1FB5F /* SDImageCache.m in Sources */,
				A2C7CBEE1D1ECC0900F1FB5F /* SDWebImageDownloaderOperation.m in Sources */,
				A295DD241D1F7B7900A138CB /* MJRefreshBackFooter.m in Sources */,
				A2C7CBE21D1ECC0900F1FB5F /* NSObject+MJCoding.m in Sources */,
				A2C7CBA41D1EC2F900F1FB5F /* WaterFallViewLayout.m in Sources */,
				A2C7CBF31D1ECC0900F1FB5F /* UIImage+MultiFormat.m in Sources */,
				A295DD251D1F7B7900A138CB /* MJRefreshComponent.m in Sources */,
				A295DD2A1D1F7B7900A138CB /* MJRefreshAutoStateFooter.m in Sources */,
				A2C7CBEB1D1ECC0900F1FB5F /* SDWebImageCompat.m in Sources */,
				A29C52B81D1E545000ACFFCD /* HorizontalViewController.m in Sources */,
				A29C52821D1E17DC00ACFFCD /* main.m in Sources */,
			);
			runOnlyForDeploymentPostprocessing = 0;
		};
		A29C52921D1E17DC00ACFFCD /* Sources */ = {
			isa = PBXSourcesBuildPhase;
			buildActionMask = 2147483647;
			files = (
				A29C529B1D1E17DC00ACFFCD /* UIControllerViewTests.m in Sources */,
			);
			runOnlyForDeploymentPostprocessing = 0;
		};
		A29C529D1D1E17DC00ACFFCD /* Sources */ = {
			isa = PBXSourcesBuildPhase;
			buildActionMask = 2147483647;
			files = (
				A29C52A61D1E17DC00ACFFCD /* UIControllerViewUITests.m in Sources */,
			);
			runOnlyForDeploymentPostprocessing = 0;
		};
/* End PBXSourcesBuildPhase section */

/* Begin PBXTargetDependency section */
		A29C52981D1E17DC00ACFFCD /* PBXTargetDependency */ = {
			isa = PBXTargetDependency;
			target = A29C527C1D1E17DC00ACFFCD /* UIControllerView */;
			targetProxy = A29C52971D1E17DC00ACFFCD /* PBXContainerItemProxy */;
		};
		A29C52A31D1E17DC00ACFFCD /* PBXTargetDependency */ = {
			isa = PBXTargetDependency;
			target = A29C527C1D1E17DC00ACFFCD /* UIControllerView */;
			targetProxy = A29C52A21D1E17DC00ACFFCD /* PBXContainerItemProxy */;
		};
/* End PBXTargetDependency section */

/* Begin PBXVariantGroup section */
		A29C52891D1E17DC00ACFFCD /* Main.storyboard */ = {
			isa = PBXVariantGroup;
			children = (
				A29C528A1D1E17DC00ACFFCD /* Base */,
			);
			name = Main.storyboard;
			sourceTree = "<group>";
		};
		A29C528E1D1E17DC00ACFFCD /* LaunchScreen.storyboard */ = {
			isa = PBXVariantGroup;
			children = (
				A29C528F1D1E17DC00ACFFCD /* Base */,
			);
			name = LaunchScreen.storyboard;
			sourceTree = "<group>";
		};
/* End PBXVariantGroup section */

/* Begin XCBuildConfiguration section */
		A29C52A81D1E17DC00ACFFCD /* Debug */ = {
			isa = XCBuildConfiguration;
			buildSettings = {
				ALWAYS_SEARCH_USER_PATHS = NO;
				CLANG_CXX_LANGUAGE_STANDARD = "gnu++0x";
				CLANG_CXX_LIBRARY = "libc++";
				CLANG_ENABLE_MODULES = YES;
				CLANG_ENABLE_OBJC_ARC = YES;
				CLANG_WARN_BOOL_CONVERSION = YES;
				CLANG_WARN_CONSTANT_CONVERSION = YES;
				CLANG_WARN_DIRECT_OBJC_ISA_USAGE = YES_ERROR;
				CLANG_WARN_EMPTY_BODY = YES;
				CLANG_WARN_ENUM_CONVERSION = YES;
				CLANG_WARN_INT_CONVERSION = YES;
				CLANG_WARN_OBJC_ROOT_CLASS = YES_ERROR;
				CLANG_WARN_UNREACHABLE_CODE = YES;
				CLANG_WARN__DUPLICATE_METHOD_MATCH = YES;
				"CODE_SIGN_IDENTITY[sdk=iphoneos*]" = "iPhone Developer";
				COPY_PHASE_STRIP = NO;
				DEBUG_INFORMATION_FORMAT = dwarf;
				ENABLE_STRICT_OBJC_MSGSEND = YES;
				ENABLE_TESTABILITY = YES;
				GCC_C_LANGUAGE_STANDARD = gnu99;
				GCC_DYNAMIC_NO_PIC = NO;
				GCC_NO_COMMON_BLOCKS = YES;
				GCC_OPTIMIZATION_LEVEL = 0;
				GCC_PREPROCESSOR_DEFINITIONS = (
					"DEBUG=1",
					"$(inherited)",
				);
				GCC_WARN_64_TO_32_BIT_CONVERSION = YES;
				GCC_WARN_ABOUT_RETURN_TYPE = YES_ERROR;
				GCC_WARN_UNDECLARED_SELECTOR = YES;
				GCC_WARN_UNINITIALIZED_AUTOS = YES_AGGRESSIVE;
				GCC_WARN_UNUSED_FUNCTION = YES;
				GCC_WARN_UNUSED_VARIABLE = YES;
				IPHONEOS_DEPLOYMENT_TARGET = 9.1;
				MTL_ENABLE_DEBUG_INFO = YES;
				ONLY_ACTIVE_ARCH = YES;
				SDKROOT = iphoneos;
				TARGETED_DEVICE_FAMILY = "1,2";
			};
			name = Debug;
		};
		A29C52A91D1E17DC00ACFFCD /* Release */ = {
			isa = XCBuildConfiguration;
			buildSettings = {
				ALWAYS_SEARCH_USER_PATHS = NO;
				CLANG_CXX_LANGUAGE_STANDARD = "gnu++0x";
				CLANG_CXX_LIBRARY = "libc++";
				CLANG_ENABLE_MODULES = YES;
				CLANG_ENABLE_OBJC_ARC = YES;
				CLANG_WARN_BOOL_CONVERSION = YES;
				CLANG_WARN_CONSTANT_CONVERSION = YES;
				CLANG_WARN_DIRECT_OBJC_ISA_USAGE = YES_ERROR;
				CLANG_WARN_EMPTY_BODY = YES;
				CLANG_WARN_ENUM_CONVERSION = YES;
				CLANG_WARN_INT_CONVERSION = YES;
				CLANG_WARN_OBJC_ROOT_CLASS = YES_ERROR;
				CLANG_WARN_UNREACHABLE_CODE = YES;
				CLANG_WARN__DUPLICATE_METHOD_MATCH = YES;
				"CODE_SIGN_IDENTITY[sdk=iphoneos*]" = "iPhone Developer";
				COPY_PHASE_STRIP = NO;
				DEBUG_INFORMATION_FORMAT = "dwarf-with-dsym";
				ENABLE_NS_ASSERTIONS = NO;
				ENABLE_STRICT_OBJC_MSGSEND = YES;
				GCC_C_LANGUAGE_STANDARD = gnu99;
				GCC_NO_COMMON_BLOCKS = YES;
				GCC_WARN_64_TO_32_BIT_CONVERSION = YES;
				GCC_WARN_ABOUT_RETURN_TYPE = YES_ERROR;
				GCC_WARN_UNDECLARED_SELECTOR = YES;
				GCC_WARN_UNINITIALIZED_AUTOS = YES_AGGRESSIVE;
				GCC_WARN_UNUSED_FUNCTION = YES;
				GCC_WARN_UNUSED_VARIABLE = YES;
				IPHONEOS_DEPLOYMENT_TARGET = 9.1;
				MTL_ENABLE_DEBUG_INFO = NO;
				SDKROOT = iphoneos;
				TARGETED_DEVICE_FAMILY = "1,2";
				VALIDATE_PRODUCT = YES;
			};
			name = Release;
		};
		A29C52AB1D1E17DC00ACFFCD /* Debug */ = {
			isa = XCBuildConfiguration;
			buildSettings = {
				ASSETCATALOG_COMPILER_APPICON_NAME = AppIcon;
				INFOPLIST_FILE = UIControllerView/Info.plist;
				LD_RUNPATH_SEARCH_PATHS = "$(inherited) @executable_path/Frameworks";
				PRODUCT_BUNDLE_IDENTIFIER = longshao.UIControllerView;
				PRODUCT_NAME = "$(TARGET_NAME)";
			};
			name = Debug;
		};
		A29C52AC1D1E17DC00ACFFCD /* Release */ = {
			isa = XCBuildConfiguration;
			buildSettings = {
				ASSETCATALOG_COMPILER_APPICON_NAME = AppIcon;
				INFOPLIST_FILE = UIControllerView/Info.plist;
				LD_RUNPATH_SEARCH_PATHS = "$(inherited) @executable_path/Frameworks";
				PRODUCT_BUNDLE_IDENTIFIER = longshao.UIControllerView;
				PRODUCT_NAME = "$(TARGET_NAME)";
			};
			name = Release;
		};
		A29C52AE1D1E17DC00ACFFCD /* Debug */ = {
			isa = XCBuildConfiguration;
			buildSettings = {
				BUNDLE_LOADER = "$(TEST_HOST)";
				INFOPLIST_FILE = UIControllerViewTests/Info.plist;
				LD_RUNPATH_SEARCH_PATHS = "$(inherited) @executable_path/Frameworks @loader_path/Frameworks";
				PRODUCT_BUNDLE_IDENTIFIER = longshao.UIControllerViewTests;
				PRODUCT_NAME = "$(TARGET_NAME)";
				TEST_HOST = "$(BUILT_PRODUCTS_DIR)/UIControllerView.app/UIControllerView";
			};
			name = Debug;
		};
		A29C52AF1D1E17DC00ACFFCD /* Release */ = {
			isa = XCBuildConfiguration;
			buildSettings = {
				BUNDLE_LOADER = "$(TEST_HOST)";
				INFOPLIST_FILE = UIControllerViewTests/Info.plist;
				LD_RUNPATH_SEARCH_PATHS = "$(inherited) @executable_path/Frameworks @loader_path/Frameworks";
				PRODUCT_BUNDLE_IDENTIFIER = longshao.UIControllerViewTests;
				PRODUCT_NAME = "$(TARGET_NAME)";
				TEST_HOST = "$(BUILT_PRODUCTS_DIR)/UIControllerView.app/UIControllerView";
			};
			name = Release;
		};
		A29C52B11D1E17DC00ACFFCD /* Debug */ = {
			isa = XCBuildConfiguration;
			buildSettings = {
				INFOPLIST_FILE = UIControllerViewUITests/Info.plist;
				LD_RUNPATH_SEARCH_PATHS = "$(inherited) @executable_path/Frameworks @loader_path/Frameworks";
				PRODUCT_BUNDLE_IDENTIFIER = longshao.UIControllerViewUITests;
				PRODUCT_NAME = "$(TARGET_NAME)";
				TEST_TARGET_NAME = UIControllerView;
				USES_XCTRUNNER = YES;
			};
			name = Debug;
		};
		A29C52B21D1E17DC00ACFFCD /* Release */ = {
			isa = XCBuildConfiguration;
			buildSettings = {
				INFOPLIST_FILE = UIControllerViewUITests/Info.plist;
				LD_RUNPATH_SEARCH_PATHS = "$(inherited) @executable_path/Frameworks @loader_path/Frameworks";
				PRODUCT_BUNDLE_IDENTIFIER = longshao.UIControllerViewUITests;
				PRODUCT_NAME = "$(TARGET_NAME)";
				TEST_TARGET_NAME = UIControllerView;
				USES_XCTRUNNER = YES;
			};
			name = Release;
		};
/* End XCBuildConfiguration section */

/* Begin XCConfigurationList section */
		A29C52781D1E17DC00ACFFCD /* Build configuration list for PBXProject "UIControllerView" */ = {
			isa = XCConfigurationList;
			buildConfigurations = (
				A29C52A81D1E17DC00ACFFCD /* Debug */,
				A29C52A91D1E17DC00ACFFCD /* Release */,
			);
			defaultConfigurationIsVisible = 0;
			defaultConfigurationName = Release;
		};
		A29C52AA1D1E17DC00ACFFCD /* Build configuration list for PBXNativeTarget "UIControllerView" */ = {
			isa = XCConfigurationList;
			buildConfigurations = (
				A29C52AB1D1E17DC00ACFFCD /* Debug */,
				A29C52AC1D1E17DC00ACFFCD /* Release */,
			);
			defaultConfigurationIsVisible = 0;
			defaultConfigurationName = Release;
		};
		A29C52AD1D1E17DC00ACFFCD /* Build configuration list for PBXNativeTarget "UIControllerViewTests" */ = {
			isa = XCConfigurationList;
			buildConfigurations = (
				A29C52AE1D1E17DC00ACFFCD /* Debug */,
				A29C52AF1D1E17DC00ACFFCD /* Release */,
			);
			defaultConfigurationIsVisible = 0;
			defaultConfigurationName = Release;
		};
		A29C52B01D1E17DC00ACFFCD /* Build configuration list for PBXNativeTarget "UIControllerViewUITests" */ = {
			isa = XCConfigurationList;
			buildConfigurations = (
				A29C52B11D1E17DC00ACFFCD /* Debug */,
				A29C52B21D1E17DC00ACFFCD /* Release */,
			);
			defaultConfigurationIsVisible = 0;
			defaultConfigurationName = Release;
		};
/* End XCConfigurationList section */
	};
	rootObject = A29C52751D1E17DC00ACFFCD /* Project object */;
}
